// !$*UTF8*$!
{
	archiveVersion = 1;
	classes = {
	};
	objectVersion = 50;
	objects = {

/* Begin PBXBuildFile section */
		49C3ED2D21AF1B8100FCD98A /* MovieListCoordinator.swift in Sources */ = {isa = PBXBuildFile; fileRef = 49C3ED2C21AF1B8100FCD98A /* MovieListCoordinator.swift */; };
		49C9982121AF139D00E852AD /* AppDelegate.swift in Sources */ = {isa = PBXBuildFile; fileRef = 49C9982021AF139D00E852AD /* AppDelegate.swift */; };
		49C9982321AF139D00E852AD /* ViewController.swift in Sources */ = {isa = PBXBuildFile; fileRef = 49C9982221AF139D00E852AD /* ViewController.swift */; };
		49C9982821AF139F00E852AD /* Assets.xcassets in Resources */ = {isa = PBXBuildFile; fileRef = 49C9982721AF139F00E852AD /* Assets.xcassets */; };
		49C9982B21AF139F00E852AD /* LaunchScreen.storyboard in Resources */ = {isa = PBXBuildFile; fileRef = 49C9982921AF139F00E852AD /* LaunchScreen.storyboard */; };
		49C9983621AF139F00E852AD /* MovieDatabaseTests.swift in Sources */ = {isa = PBXBuildFile; fileRef = 49C9983521AF139F00E852AD /* MovieDatabaseTests.swift */; };
		49C9984121AF139F00E852AD /* MovieDatabaseUITests.swift in Sources */ = {isa = PBXBuildFile; fileRef = 49C9984021AF139F00E852AD /* MovieDatabaseUITests.swift */; };
		49C9985321AF17D000E852AD /* Router.swift in Sources */ = {isa = PBXBuildFile; fileRef = 49C9985221AF17D000E852AD /* Router.swift */; };
		49C9985521AF17DC00E852AD /* Coordinator.swift in Sources */ = {isa = PBXBuildFile; fileRef = 49C9985421AF17DC00E852AD /* Coordinator.swift */; };
		49C9985721AF17E900E852AD /* Presentable.swift in Sources */ = {isa = PBXBuildFile; fileRef = 49C9985621AF17E900E852AD /* Presentable.swift */; };
		49C9985A21AF183400E852AD /* WindowCoordinator.swift in Sources */ = {isa = PBXBuildFile; fileRef = 49C9985921AF183400E852AD /* WindowCoordinator.swift */; };
		49C9985C21AF183D00E852AD /* WindowRouter.swift in Sources */ = {isa = PBXBuildFile; fileRef = 49C9985B21AF183D00E852AD /* WindowRouter.swift */; };
/* End PBXBuildFile section */

/* Begin PBXContainerItemProxy section */
		49C9983221AF139F00E852AD /* PBXContainerItemProxy */ = {
			isa = PBXContainerItemProxy;
			containerPortal = 49C9981521AF139D00E852AD /* Project object */;
			proxyType = 1;
			remoteGlobalIDString = 49C9981C21AF139D00E852AD;
			remoteInfo = MovieDatabase;
		};
		49C9983D21AF139F00E852AD /* PBXContainerItemProxy */ = {
			isa = PBXContainerItemProxy;
			containerPortal = 49C9981521AF139D00E852AD /* Project object */;
			proxyType = 1;
			remoteGlobalIDString = 49C9981C21AF139D00E852AD;
			remoteInfo = MovieDatabase;
		};
/* End PBXContainerItemProxy section */

/* Begin PBXFileReference section */
		49C3ED2C21AF1B8100FCD98A /* MovieListCoordinator.swift */ = {isa = PBXFileReference; lastKnownFileType = sourcecode.swift; path = MovieListCoordinator.swift; sourceTree = "<group>"; };
		49C9981D21AF139D00E852AD /* MovieDatabase.app */ = {isa = PBXFileReference; explicitFileType = wrapper.application; includeInIndex = 0; path = MovieDatabase.app; sourceTree = BUILT_PRODUCTS_DIR; };
		49C9982021AF139D00E852AD /* AppDelegate.swift */ = {isa = PBXFileReference; lastKnownFileType = sourcecode.swift; path = AppDelegate.swift; sourceTree = "<group>"; };
		49C9982221AF139D00E852AD /* ViewController.swift */ = {isa = PBXFileReference; lastKnownFileType = sourcecode.swift; path = ViewController.swift; sourceTree = "<group>"; };
		49C9982721AF139F00E852AD /* Assets.xcassets */ = {isa = PBXFileReference; lastKnownFileType = folder.assetcatalog; path = Assets.xcassets; sourceTree = "<group>"; };
		49C9982A21AF139F00E852AD /* Base */ = {isa = PBXFileReference; lastKnownFileType = file.storyboard; name = Base; path = Base.lproj/LaunchScreen.storyboard; sourceTree = "<group>"; };
		49C9982C21AF139F00E852AD /* Info.plist */ = {isa = PBXFileReference; lastKnownFileType = text.plist.xml; path = Info.plist; sourceTree = "<group>"; };
		49C9983121AF139F00E852AD /* MovieDatabaseTests.xctest */ = {isa = PBXFileReference; explicitFileType = wrapper.cfbundle; includeInIndex = 0; path = MovieDatabaseTests.xctest; sourceTree = BUILT_PRODUCTS_DIR; };
		49C9983521AF139F00E852AD /* MovieDatabaseTests.swift */ = {isa = PBXFileReference; lastKnownFileType = sourcecode.swift; path = MovieDatabaseTests.swift; sourceTree = "<group>"; };
		49C9983721AF139F00E852AD /* Info.plist */ = {isa = PBXFileReference; lastKnownFileType = text.plist.xml; path = Info.plist; sourceTree = "<group>"; };
		49C9983C21AF139F00E852AD /* MovieDatabaseUITests.xctest */ = {isa = PBXFileReference; explicitFileType = wrapper.cfbundle; includeInIndex = 0; path = MovieDatabaseUITests.xctest; sourceTree = BUILT_PRODUCTS_DIR; };
		49C9984021AF139F00E852AD /* MovieDatabaseUITests.swift */ = {isa = PBXFileReference; lastKnownFileType = sourcecode.swift; path = MovieDatabaseUITests.swift; sourceTree = "<group>"; };
		49C9984221AF139F00E852AD /* Info.plist */ = {isa = PBXFileReference; lastKnownFileType = text.plist.xml; path = Info.plist; sourceTree = "<group>"; };
		49C9985221AF17D000E852AD /* Router.swift */ = {isa = PBXFileReference; lastKnownFileType = sourcecode.swift; path = Router.swift; sourceTree = "<group>"; };
		49C9985421AF17DC00E852AD /* Coordinator.swift */ = {isa = PBXFileReference; lastKnownFileType = sourcecode.swift; path = Coordinator.swift; sourceTree = "<group>"; };
		49C9985621AF17E900E852AD /* Presentable.swift */ = {isa = PBXFileReference; lastKnownFileType = sourcecode.swift; path = Presentable.swift; sourceTree = "<group>"; };
		49C9985921AF183400E852AD /* WindowCoordinator.swift */ = {isa = PBXFileReference; lastKnownFileType = sourcecode.swift; path = WindowCoordinator.swift; sourceTree = "<group>"; };
		49C9985B21AF183D00E852AD /* WindowRouter.swift */ = {isa = PBXFileReference; lastKnownFileType = sourcecode.swift; path = WindowRouter.swift; sourceTree = "<group>"; };
/* End PBXFileReference section */

/* Begin PBXFrameworksBuildPhase section */
		49C9981A21AF139D00E852AD /* Frameworks */ = {
			isa = PBXFrameworksBuildPhase;
			buildActionMask = 2147483647;
			files = (
			);
			runOnlyForDeploymentPostprocessing = 0;
		};
		49C9982E21AF139F00E852AD /* Frameworks */ = {
			isa = PBXFrameworksBuildPhase;
			buildActionMask = 2147483647;
			files = (
			);
			runOnlyForDeploymentPostprocessing = 0;
		};
		49C9983921AF139F00E852AD /* Frameworks */ = {
			isa = PBXFrameworksBuildPhase;
			buildActionMask = 2147483647;
			files = (
			);
			runOnlyForDeploymentPostprocessing = 0;
		};
/* End PBXFrameworksBuildPhase section */

/* Begin PBXGroup section */
		49C3ED2A21AF1B5500FCD98A /* List */ = {
			isa = PBXGroup;
			children = (
				49C3ED2C21AF1B8100FCD98A /* MovieListCoordinator.swift */,
				49C3ED2B21AF1B6000FCD98A /* View */,
			);
			path = List;
			sourceTree = "<group>";
		};
		49C3ED2B21AF1B6000FCD98A /* View */ = {
			isa = PBXGroup;
			children = (
				49C9982221AF139D00E852AD /* ViewController.swift */,
			);
			path = View;
			sourceTree = "<group>";
		};
		49C9981421AF139D00E852AD = {
			isa = PBXGroup;
			children = (
				49C9981F21AF139D00E852AD /* MovieDatabase */,
				49C9983421AF139F00E852AD /* MovieDatabaseTests */,
				49C9983F21AF139F00E852AD /* MovieDatabaseUITests */,
				49C9981E21AF139D00E852AD /* Products */,
			);
			sourceTree = "<group>";
		};
		49C9981E21AF139D00E852AD /* Products */ = {
			isa = PBXGroup;
			children = (
				49C9981D21AF139D00E852AD /* MovieDatabase.app */,
				49C9983121AF139F00E852AD /* MovieDatabaseTests.xctest */,
				49C9983C21AF139F00E852AD /* MovieDatabaseUITests.xctest */,
			);
			name = Products;
			sourceTree = "<group>";
		};
		49C9981F21AF139D00E852AD /* MovieDatabase */ = {
			isa = PBXGroup;
			children = (
				49C9984F21AF14B100E852AD /* Common */,
				49C9985021AF14B600E852AD /* Modules */,
				49C9984E21AF148900E852AD /* Resources */,
			);
			path = MovieDatabase;
			sourceTree = "<group>";
		};
		49C9983421AF139F00E852AD /* MovieDatabaseTests */ = {
			isa = PBXGroup;
			children = (
				49C9983521AF139F00E852AD /* MovieDatabaseTests.swift */,
				49C9983721AF139F00E852AD /* Info.plist */,
			);
			path = MovieDatabaseTests;
			sourceTree = "<group>";
		};
		49C9983F21AF139F00E852AD /* MovieDatabaseUITests */ = {
			isa = PBXGroup;
			children = (
				49C9984021AF139F00E852AD /* MovieDatabaseUITests.swift */,
				49C9984221AF139F00E852AD /* Info.plist */,
			);
			path = MovieDatabaseUITests;
			sourceTree = "<group>";
		};
		49C9984E21AF148900E852AD /* Resources */ = {
			isa = PBXGroup;
			children = (
				49C9982721AF139F00E852AD /* Assets.xcassets */,
				49C9982921AF139F00E852AD /* LaunchScreen.storyboard */,
				49C9982C21AF139F00E852AD /* Info.plist */,
			);
			path = Resources;
			sourceTree = "<group>";
		};
		49C9984F21AF14B100E852AD /* Common */ = {
			isa = PBXGroup;
			children = (
				49C9982021AF139D00E852AD /* AppDelegate.swift */,
				49C9985121AF17BF00E852AD /* Modules */,
			);
			path = Common;
			sourceTree = "<group>";
		};
		49C9985021AF14B600E852AD /* Modules */ = {
			isa = PBXGroup;
			children = (
				49C3ED2A21AF1B5500FCD98A /* List */,
				49C9985821AF182B00E852AD /* App */,
			);
			path = Modules;
			sourceTree = "<group>";
		};
		49C9985121AF17BF00E852AD /* Modules */ = {
			isa = PBXGroup;
			children = (
				49C9985421AF17DC00E852AD /* Coordinator.swift */,
				49C9985621AF17E900E852AD /* Presentable.swift */,
				49C9985221AF17D000E852AD /* Router.swift */,
			);
			path = Modules;
			sourceTree = "<group>";
		};
		49C9985821AF182B00E852AD /* App */ = {
			isa = PBXGroup;
			children = (
				49C9985921AF183400E852AD /* WindowCoordinator.swift */,
				49C9985B21AF183D00E852AD /* WindowRouter.swift */,
			);
			path = App;
			sourceTree = "<group>";
		};
/* End PBXGroup section */

/* Begin PBXNativeTarget section */
		49C9981C21AF139D00E852AD /* MovieDatabase */ = {
			isa = PBXNativeTarget;
			buildConfigurationList = 49C9984521AF139F00E852AD /* Build configuration list for PBXNativeTarget "MovieDatabase" */;
			buildPhases = (
				49C9981921AF139D00E852AD /* Sources */,
				49C9981A21AF139D00E852AD /* Frameworks */,
				49C9981B21AF139D00E852AD /* Resources */,
				49C9985F21AF1A7900E852AD /* SwiftLint */,
			);
			buildRules = (
			);
			dependencies = (
			);
			name = MovieDatabase;
			productName = MovieDatabase;
			productReference = 49C9981D21AF139D00E852AD /* MovieDatabase.app */;
			productType = "com.apple.product-type.application";
		};
		49C9983021AF139F00E852AD /* MovieDatabaseTests */ = {
			isa = PBXNativeTarget;
			buildConfigurationList = 49C9984821AF139F00E852AD /* Build configuration list for PBXNativeTarget "MovieDatabaseTests" */;
			buildPhases = (
				49C9982D21AF139F00E852AD /* Sources */,
				49C9982E21AF139F00E852AD /* Frameworks */,
				49C9982F21AF139F00E852AD /* Resources */,
			);
			buildRules = (
			);
			dependencies = (
				49C9983321AF139F00E852AD /* PBXTargetDependency */,
			);
			name = MovieDatabaseTests;
			productName = MovieDatabaseTests;
			productReference = 49C9983121AF139F00E852AD /* MovieDatabaseTests.xctest */;
			productType = "com.apple.product-type.bundle.unit-test";
		};
		49C9983B21AF139F00E852AD /* MovieDatabaseUITests */ = {
			isa = PBXNativeTarget;
			buildConfigurationList = 49C9984B21AF139F00E852AD /* Build configuration list for PBXNativeTarget "MovieDatabaseUITests" */;
			buildPhases = (
				49C9983821AF139F00E852AD /* Sources */,
				49C9983921AF139F00E852AD /* Frameworks */,
				49C9983A21AF139F00E852AD /* Resources */,
			);
			buildRules = (
			);
			dependencies = (
				49C9983E21AF139F00E852AD /* PBXTargetDependency */,
			);
			name = MovieDatabaseUITests;
			productName = MovieDatabaseUITests;
			productReference = 49C9983C21AF139F00E852AD /* MovieDatabaseUITests.xctest */;
			productType = "com.apple.product-type.bundle.ui-testing";
		};
/* End PBXNativeTarget section */

/* Begin PBXProject section */
		49C9981521AF139D00E852AD /* Project object */ = {
			isa = PBXProject;
			attributes = {
				LastSwiftUpdateCheck = 1010;
				LastUpgradeCheck = 1010;
				ORGANIZATIONNAME = "Oleksii Kalentiev";
				TargetAttributes = {
					49C9981C21AF139D00E852AD = {
						CreatedOnToolsVersion = 10.1;
					};
					49C9983021AF139F00E852AD = {
						CreatedOnToolsVersion = 10.1;
						TestTargetID = 49C9981C21AF139D00E852AD;
					};
					49C9983B21AF139F00E852AD = {
						CreatedOnToolsVersion = 10.1;
						TestTargetID = 49C9981C21AF139D00E852AD;
					};
				};
			};
			buildConfigurationList = 49C9981821AF139D00E852AD /* Build configuration list for PBXProject "MovieDatabase" */;
			compatibilityVersion = "Xcode 9.3";
			developmentRegion = en;
			hasScannedForEncodings = 0;
			knownRegions = (
				en,
				Base,
			);
			mainGroup = 49C9981421AF139D00E852AD;
			productRefGroup = 49C9981E21AF139D00E852AD /* Products */;
			projectDirPath = "";
			projectRoot = "";
			targets = (
				49C9981C21AF139D00E852AD /* MovieDatabase */,
				49C9983021AF139F00E852AD /* MovieDatabaseTests */,
				49C9983B21AF139F00E852AD /* MovieDatabaseUITests */,
			);
		};
/* End PBXProject section */

/* Begin PBXResourcesBuildPhase section */
		49C9981B21AF139D00E852AD /* Resources */ = {
			isa = PBXResourcesBuildPhase;
			buildActionMask = 2147483647;
			files = (
				49C9982B21AF139F00E852AD /* LaunchScreen.storyboard in Resources */,
				49C9982821AF139F00E852AD /* Assets.xcassets in Resources */,
			);
			runOnlyForDeploymentPostprocessing = 0;
		};
		49C9982F21AF139F00E852AD /* Resources */ = {
			isa = PBXResourcesBuildPhase;
			buildActionMask = 2147483647;
			files = (
			);
			runOnlyForDeploymentPostprocessing = 0;
		};
		49C9983A21AF139F00E852AD /* Resources */ = {
			isa = PBXResourcesBuildPhase;
			buildActionMask = 2147483647;
			files = (
			);
			runOnlyForDeploymentPostprocessing = 0;
		};
/* End PBXResourcesBuildPhase section */

/* Begin PBXShellScriptBuildPhase section */
		49C9985F21AF1A7900E852AD /* SwiftLint */ = {
			isa = PBXShellScriptBuildPhase;
			buildActionMask = 2147483647;
			files = (
			);
			inputFileListPaths = (
			);
			inputPaths = (
			);
			name = SwiftLint;
			outputFileListPaths = (
			);
			outputPaths = (
			);
			runOnlyForDeploymentPostprocessing = 0;
			shellPath = /bin/sh;
			shellScript = "if which swiftlint >/dev/null; then\nswiftlint\nelse\necho \"warning: SwiftLint not installed, download from https://github.com/realm/SwiftLint\"\nfi\n";
		};
/* End PBXShellScriptBuildPhase section */

/* Begin PBXSourcesBuildPhase section */
		49C9981921AF139D00E852AD /* Sources */ = {
			isa = PBXSourcesBuildPhase;
			buildActionMask = 2147483647;
			files = (
				49C9985521AF17DC00E852AD /* Coordinator.swift in Sources */,
				49C9985C21AF183D00E852AD /* WindowRouter.swift in Sources */,
				49C9982321AF139D00E852AD /* ViewController.swift in Sources */,
				49C9985A21AF183400E852AD /* WindowCoordinator.swift in Sources */,
				49C9985321AF17D000E852AD /* Router.swift in Sources */,
				49C3ED2D21AF1B8100FCD98A /* MovieListCoordinator.swift in Sources */,
				49C9985721AF17E900E852AD /* Presentable.swift in Sources */,
				49C9982121AF139D00E852AD /* AppDelegate.swift in Sources */,
			);
			runOnlyForDeploymentPostprocessing = 0;
		};
		49C9982D21AF139F00E852AD /* Sources */ = {
			isa = PBXSourcesBuildPhase;
			buildActionMask = 2147483647;
			files = (
				49C9983621AF139F00E852AD /* MovieDatabaseTests.swift in Sources */,
			);
			runOnlyForDeploymentPostprocessing = 0;
		};
		49C9983821AF139F00E852AD /* Sources */ = {
			isa = PBXSourcesBuildPhase;
			buildActionMask = 2147483647;
			files = (
				49C9984121AF139F00E852AD /* MovieDatabaseUITests.swift in Sources */,
			);
			runOnlyForDeploymentPostprocessing = 0;
		};
/* End PBXSourcesBuildPhase section */

/* Begin PBXTargetDependency section */
		49C9983321AF139F00E852AD /* PBXTargetDependency */ = {
			isa = PBXTargetDependency;
			target = 49C9981C21AF139D00E852AD /* MovieDatabase */;
			targetProxy = 49C9983221AF139F00E852AD /* PBXContainerItemProxy */;
		};
		49C9983E21AF139F00E852AD /* PBXTargetDependency */ = {
			isa = PBXTargetDependency;
			target = 49C9981C21AF139D00E852AD /* MovieDatabase */;
			targetProxy = 49C9983D21AF139F00E852AD /* PBXContainerItemProxy */;
		};
/* End PBXTargetDependency section */

/* Begin PBXVariantGroup section */
		49C9982921AF139F00E852AD /* LaunchScreen.storyboard */ = {
			isa = PBXVariantGroup;
			children = (
				49C9982A21AF139F00E852AD /* Base */,
			);
			name = LaunchScreen.storyboard;
			sourceTree = "<group>";
		};
/* End PBXVariantGroup section */

/* Begin XCBuildConfiguration section */
		49C9984321AF139F00E852AD /* Debug */ = {
			isa = XCBuildConfiguration;
			buildSettings = {
				ALWAYS_SEARCH_USER_PATHS = NO;
				CLANG_ANALYZER_NONNULL = YES;
				CLANG_ANALYZER_NUMBER_OBJECT_CONVERSION = YES_AGGRESSIVE;
				CLANG_CXX_LANGUAGE_STANDARD = "gnu++14";
				CLANG_CXX_LIBRARY = "libc++";
				CLANG_ENABLE_MODULES = YES;
				CLANG_ENABLE_OBJC_ARC = YES;
				CLANG_ENABLE_OBJC_WEAK = YES;
				CLANG_WARN_BLOCK_CAPTURE_AUTORELEASING = YES;
				CLANG_WARN_BOOL_CONVERSION = YES;
				CLANG_WARN_COMMA = YES;
				CLANG_WARN_CONSTANT_CONVERSION = YES;
				CLANG_WARN_DEPRECATED_OBJC_IMPLEMENTATIONS = YES;
				CLANG_WARN_DIRECT_OBJC_ISA_USAGE = YES_ERROR;
				CLANG_WARN_DOCUMENTATION_COMMENTS = YES;
				CLANG_WARN_EMPTY_BODY = YES;
				CLANG_WARN_ENUM_CONVERSION = YES;
				CLANG_WARN_INFINITE_RECURSION = YES;
				CLANG_WARN_INT_CONVERSION = YES;
				CLANG_WARN_NON_LITERAL_NULL_CONVERSION = YES;
				CLANG_WARN_OBJC_IMPLICIT_RETAIN_SELF = YES;
				CLANG_WARN_OBJC_LITERAL_CONVERSION = YES;
				CLANG_WARN_OBJC_ROOT_CLASS = YES_ERROR;
				CLANG_WARN_RANGE_LOOP_ANALYSIS = YES;
				CLANG_WARN_STRICT_PROTOTYPES = YES;
				CLANG_WARN_SUSPICIOUS_MOVE = YES;
				CLANG_WARN_UNGUARDED_AVAILABILITY = YES_AGGRESSIVE;
				CLANG_WARN_UNREACHABLE_CODE = YES;
				CLANG_WARN__DUPLICATE_METHOD_MATCH = YES;
				CODE_SIGN_IDENTITY = "iPhone Developer";
				COPY_PHASE_STRIP = NO;
				DEBUG_INFORMATION_FORMAT = dwarf;
				ENABLE_STRICT_OBJC_MSGSEND = YES;
				ENABLE_TESTABILITY = YES;
				GCC_C_LANGUAGE_STANDARD = gnu11;
				GCC_DYNAMIC_NO_PIC = NO;
				GCC_NO_COMMON_BLOCKS = YES;
				GCC_OPTIMIZATION_LEVEL = 0;
				GCC_PREPROCESSOR_DEFINITIONS = (
					"DEBUG=1",
					"$(inherited)",
				);
				GCC_WARN_64_TO_32_BIT_CONVERSION = YES;
				GCC_WARN_ABOUT_RETURN_TYPE = YES_ERROR;
				GCC_WARN_UNDECLARED_SELECTOR = YES;
				GCC_WARN_UNINITIALIZED_AUTOS = YES_AGGRESSIVE;
				GCC_WARN_UNUSED_FUNCTION = YES;
				GCC_WARN_UNUSED_VARIABLE = YES;
				IPHONEOS_DEPLOYMENT_TARGET = 12.1;
				MTL_ENABLE_DEBUG_INFO = INCLUDE_SOURCE;
				MTL_FAST_MATH = YES;
				ONLY_ACTIVE_ARCH = YES;
				SDKROOT = iphoneos;
				SWIFT_ACTIVE_COMPILATION_CONDITIONS = DEBUG;
				SWIFT_OPTIMIZATION_LEVEL = "-Onone";
			};
			name = Debug;
		};
		49C9984421AF139F00E852AD /* Release */ = {
			isa = XCBuildConfiguration;
			buildSettings = {
				ALWAYS_SEARCH_USER_PATHS = NO;
				CLANG_ANALYZER_NONNULL = YES;
				CLANG_ANALYZER_NUMBER_OBJECT_CONVERSION = YES_AGGRESSIVE;
				CLANG_CXX_LANGUAGE_STANDARD = "gnu++14";
				CLANG_CXX_LIBRARY = "libc++";
				CLANG_ENABLE_MODULES = YES;
				CLANG_ENABLE_OBJC_ARC = YES;
				CLANG_ENABLE_OBJC_WEAK = YES;
				CLANG_WARN_BLOCK_CAPTURE_AUTORELEASING = YES;
				CLANG_WARN_BOOL_CONVERSION = YES;
				CLANG_WARN_COMMA = YES;
				CLANG_WARN_CONSTANT_CONVERSION = YES;
				CLANG_WARN_DEPRECATED_OBJC_IMPLEMENTATIONS = YES;
				CLANG_WARN_DIRECT_OBJC_ISA_USAGE = YES_ERROR;
				CLANG_WARN_DOCUMENTATION_COMMENTS = YES;
				CLANG_WARN_EMPTY_BODY = YES;
				CLANG_WARN_ENUM_CONVERSION = YES;
				CLANG_WARN_INFINITE_RECURSION = YES;
				CLANG_WARN_INT_CONVERSION = YES;
				CLANG_WARN_NON_LITERAL_NULL_CONVERSION = YES;
				CLANG_WARN_OBJC_IMPLICIT_RETAIN_SELF = YES;
				CLANG_WARN_OBJC_LITERAL_CONVERSION = YES;
				CLANG_WARN_OBJC_ROOT_CLASS = YES_ERROR;
				CLANG_WARN_RANGE_LOOP_ANALYSIS = YES;
				CLANG_WARN_STRICT_PROTOTYPES = YES;
				CLANG_WARN_SUSPICIOUS_MOVE = YES;
				CLANG_WARN_UNGUARDED_AVAILABILITY = YES_AGGRESSIVE;
				CLANG_WARN_UNREACHABLE_CODE = YES;
				CLANG_WARN__DUPLICATE_METHOD_MATCH = YES;
				CODE_SIGN_IDENTITY = "iPhone Developer";
				COPY_PHASE_STRIP = NO;
				DEBUG_INFORMATION_FORMAT = "dwarf-with-dsym";
				ENABLE_NS_ASSERTIONS = NO;
				ENABLE_STRICT_OBJC_MSGSEND = YES;
				GCC_C_LANGUAGE_STANDARD = gnu11;
				GCC_NO_COMMON_BLOCKS = YES;
				GCC_WARN_64_TO_32_BIT_CONVERSION = YES;
				GCC_WARN_ABOUT_RETURN_TYPE = YES_ERROR;
				GCC_WARN_UNDECLARED_SELECTOR = YES;
				GCC_WARN_UNINITIALIZED_AUTOS = YES_AGGRESSIVE;
				GCC_WARN_UNUSED_FUNCTION = YES;
				GCC_WARN_UNUSED_VARIABLE = YES;
				IPHONEOS_DEPLOYMENT_TARGET = 12.1;
				MTL_ENABLE_DEBUG_INFO = NO;
				MTL_FAST_MATH = YES;
				SDKROOT = iphoneos;
				SWIFT_COMPILATION_MODE = wholemodule;
				SWIFT_OPTIMIZATION_LEVEL = "-O";
				VALIDATE_PRODUCT = YES;
			};
			name = Release;
		};
		49C9984621AF139F00E852AD /* Debug */ = {
			isa = XCBuildConfiguration;
			buildSettings = {
				ASSETCATALOG_COMPILER_APPICON_NAME = AppIcon;
				ASSETCATALOG_COMPILER_LAUNCHIMAGE_NAME = LaunchImage;
				CODE_SIGN_STYLE = Automatic;
				DEVELOPMENT_TEAM = P94FSU8R72;
				INFOPLIST_FILE = "$(SRCROOT)/MovieDatabase/Resources/Info.plist";
				LD_RUNPATH_SEARCH_PATHS = (
					"$(inherited)",
					"@executable_path/Frameworks",
				);
				PRODUCT_BUNDLE_IDENTIFIER = com.okalentiev.MovieDatabase;
				PRODUCT_NAME = "$(TARGET_NAME)";
				SWIFT_VERSION = 4.2;
				TARGETED_DEVICE_FAMILY = "1,2";
			};
			name = Debug;
		};
		49C9984721AF139F00E852AD /* Release */ = {
			isa = XCBuildConfiguration;
			buildSettings = {
				ASSETCATALOG_COMPILER_APPICON_NAME = AppIcon;
				ASSETCATALOG_COMPILER_LAUNCHIMAGE_NAME = LaunchImage;
				CODE_SIGN_STYLE = Automatic;
				DEVELOPMENT_TEAM = P94FSU8R72;
				INFOPLIST_FILE = "$(SRCROOT)/MovieDatabase/Resources/Info.plist";
				LD_RUNPATH_SEARCH_PATHS = (
					"$(inherited)",
					"@executable_path/Frameworks",
				);
				PRODUCT_BUNDLE_IDENTIFIER = com.okalentiev.MovieDatabase;
				PRODUCT_NAME = "$(TARGET_NAME)";
				SWIFT_VERSION = 4.2;
				TARGETED_DEVICE_FAMILY = "1,2";
			};
			name = Release;
		};
		49C9984921AF139F00E852AD /* Debug */ = {
			isa = XCBuildConfiguration;
			buildSettings = {
				ALWAYS_EMBED_SWIFT_STANDARD_LIBRARIES = YES;
				BUNDLE_LOADER = "$(TEST_HOST)";
				CLANG_ANALYZER_GCD_PERFORMANCE = YES;
				CLANG_ANALYZER_LOCALIZABILITY_EMPTY_CONTEXT = YES;
				CLANG_ANALYZER_LOCALIZABILITY_NONLOCALIZED = YES;
				CLANG_ANALYZER_SECURITY_FLOATLOOPCOUNTER = YES;
				CLANG_ANALYZER_SECURITY_INSECUREAPI_RAND = YES;
				CLANG_ANALYZER_SECURITY_INSECUREAPI_STRCPY = YES;
				CLANG_WARN_ASSIGN_ENUM = YES;
				CLANG_WARN_SEMICOLON_BEFORE_METHOD_BODY = YES;
				CLANG_WARN_SUSPICIOUS_IMPLICIT_CONVERSION = YES_ERROR;
				CODE_SIGN_STYLE = Automatic;
				DEVELOPMENT_TEAM = P94FSU8R72;
				GCC_TREAT_IMPLICIT_FUNCTION_DECLARATIONS_AS_ERRORS = YES;
				GCC_TREAT_INCOMPATIBLE_POINTER_TYPE_WARNINGS_AS_ERRORS = YES;
				GCC_WARN_ABOUT_MISSING_FIELD_INITIALIZERS = YES;
				GCC_WARN_ABOUT_MISSING_NEWLINE = YES;
				GCC_WARN_ABOUT_MISSING_PROTOTYPES = YES;
				GCC_WARN_FOUR_CHARACTER_CONSTANTS = YES;
				GCC_WARN_INITIALIZER_NOT_FULLY_BRACKETED = YES;
				GCC_WARN_SHADOW = YES;
				GCC_WARN_SIGN_COMPARE = YES;
				GCC_WARN_UNUSED_LABEL = YES;
				GCC_WARN_UNUSED_PARAMETER = YES;
				INFOPLIST_FILE = MovieDatabaseTests/Info.plist;
				LD_RUNPATH_SEARCH_PATHS = (
					"$(inherited)",
					"@executable_path/Frameworks",
					"@loader_path/Frameworks",
				);
				PRODUCT_BUNDLE_IDENTIFIER = com.okalentiev.MovieDatabaseTests;
				PRODUCT_NAME = "$(TARGET_NAME)";
				SWIFT_TREAT_WARNINGS_AS_ERRORS = YES;
				SWIFT_VERSION = 4.2;
				TARGETED_DEVICE_FAMILY = "1,2";
				TEST_HOST = "$(BUILT_PRODUCTS_DIR)/MovieDatabase.app/MovieDatabase";
			};
			name = Debug;
		};
		49C9984A21AF139F00E852AD /* Release */ = {
			isa = XCBuildConfiguration;
			buildSettings = {
				ALWAYS_EMBED_SWIFT_STANDARD_LIBRARIES = YES;
				BUNDLE_LOADER = "$(TEST_HOST)";
				CLANG_ANALYZER_GCD_PERFORMANCE = YES;
				CLANG_ANALYZER_LOCALIZABILITY_EMPTY_CONTEXT = YES;
				CLANG_ANALYZER_LOCALIZABILITY_NONLOCALIZED = YES;
				CLANG_ANALYZER_SECURITY_FLOATLOOPCOUNTER = YES;
				CLANG_ANALYZER_SECURITY_INSECUREAPI_RAND = YES;
				CLANG_ANALYZER_SECURITY_INSECUREAPI_STRCPY = YES;
				CLANG_WARN_ASSIGN_ENUM = YES;
				CLANG_WARN_SEMICOLON_BEFORE_METHOD_BODY = YES;
				CLANG_WARN_SUSPICIOUS_IMPLICIT_CONVERSION = YES_ERROR;
				CODE_SIGN_STYLE = Automatic;
				DEVELOPMENT_TEAM = P94FSU8R72;
				GCC_TREAT_IMPLICIT_FUNCTION_DECLARATIONS_AS_ERRORS = YES;
				GCC_TREAT_INCOMPATIBLE_POINTER_TYPE_WARNINGS_AS_ERRORS = YES;
				GCC_WARN_ABOUT_MISSING_FIELD_INITIALIZERS = YES;
				GCC_WARN_ABOUT_MISSING_NEWLINE = YES;
				GCC_WARN_ABOUT_MISSING_PROTOTYPES = YES;
				GCC_WARN_FOUR_CHARACTER_CONSTANTS = YES;
				GCC_WARN_INITIALIZER_NOT_FULLY_BRACKETED = YES;
				GCC_WARN_SHADOW = YES;
				GCC_WARN_SIGN_COMPARE = YES;
				GCC_WARN_UNUSED_LABEL = YES;
				GCC_WARN_UNUSED_PARAMETER = YES;
				INFOPLIST_FILE = MovieDatabaseTests/Info.plist;
				LD_RUNPATH_SEARCH_PATHS = (
					"$(inherited)",
					"@executable_path/Frameworks",
					"@loader_path/Frameworks",
				);
				PRODUCT_BUNDLE_IDENTIFIER = com.okalentiev.MovieDatabaseTests;
				PRODUCT_NAME = "$(TARGET_NAME)";
				SWIFT_TREAT_WARNINGS_AS_ERRORS = YES;
				SWIFT_VERSION = 4.2;
				TARGETED_DEVICE_FAMILY = "1,2";
				TEST_HOST = "$(BUILT_PRODUCTS_DIR)/MovieDatabase.app/MovieDatabase";
			};
			name = Release;
		};
		49C9984C21AF139F00E852AD /* Debug */ = {
			isa = XCBuildConfiguration;
			buildSettings = {
				ALWAYS_EMBED_SWIFT_STANDARD_LIBRARIES = YES;
				CODE_SIGN_STYLE = Automatic;
				DEVELOPMENT_TEAM = P94FSU8R72;
				INFOPLIST_FILE = MovieDatabaseUITests/Info.plist;
				LD_RUNPATH_SEARCH_PATHS = (
					"$(inherited)",
					"@executable_path/Frameworks",
					"@loader_path/Frameworks",
				);
				PRODUCT_BUNDLE_IDENTIFIER = com.okalentiev.MovieDatabaseUITests;
				PRODUCT_NAME = "$(TARGET_NAME)";
				SWIFT_VERSION = 4.2;
				TARGETED_DEVICE_FAMILY = "1,2";
				TEST_TARGET_NAME = MovieDatabase;
			};
			name = Debug;
		};
		49C9984D21AF139F00E852AD /* Release */ = {
			isa = XCBuildConfiguration;
			buildSettings = {
				ALWAYS_EMBED_SWIFT_STANDARD_LIBRARIES = YES;
				CODE_SIGN_STYLE = Automatic;
				DEVELOPMENT_TEAM = P94FSU8R72;
				INFOPLIST_FILE = MovieDatabaseUITests/Info.plist;
				LD_RUNPATH_SEARCH_PATHS = (
					"$(inherited)",
					"@executable_path/Frameworks",
					"@loader_path/Frameworks",
				);
				PRODUCT_BUNDLE_IDENTIFIER = com.okalentiev.MovieDatabaseUITests;
				PRODUCT_NAME = "$(TARGET_NAME)";
				SWIFT_VERSION = 4.2;
				TARGETED_DEVICE_FAMILY = "1,2";
				TEST_TARGET_NAME = MovieDatabase;
			};
			name = Release;
		};
/* End XCBuildConfiguration section */

/* Begin XCConfigurationList section */
		49C9981821AF139D00E852AD /* Build configuration list for PBXProject "MovieDatabase" */ = {
			isa = XCConfigurationList;
			buildConfigurations = (
				49C9984321AF139F00E852AD /* Debug */,
				49C9984421AF139F00E852AD /* Release */,
			);
			defaultConfigurationIsVisible = 0;
			defaultConfigurationName = Release;
		};
		49C9984521AF139F00E852AD /* Build configuration list for PBXNativeTarget "MovieDatabase" */ = {
			isa = XCConfigurationList;
			buildConfigurations = (
				49C9984621AF139F00E852AD /* Debug */,
				49C9984721AF139F00E852AD /* Release */,
			);
			defaultConfigurationIsVisible = 0;
			defaultConfigurationName = Release;
		};
		49C9984821AF139F00E852AD /* Build configuration list for PBXNativeTarget "MovieDatabaseTests" */ = {
			isa = XCConfigurationList;
			buildConfigurations = (
				49C9984921AF139F00E852AD /* Debug */,
				49C9984A21AF139F00E852AD /* Release */,
			);
			defaultConfigurationIsVisible = 0;
			defaultConfigurationName = Release;
		};
		49C9984B21AF139F00E852AD /* Build configuration list for PBXNativeTarget "MovieDatabaseUITests" */ = {
			isa = XCConfigurationList;
			buildConfigurations = (
				49C9984C21AF139F00E852AD /* Debug */,
				49C9984D21AF139F00E852AD /* Release */,
			);
			defaultConfigurationIsVisible = 0;
			defaultConfigurationName = Release;
		};
/* End XCConfigurationList section */
	};
	rootObject = 49C9981521AF139D00E852AD /* Project object */;
}
